dependencies:
  espressif__led_strip:
    component_hash: null
    source:
      path: C:\Espressif\frameworks\esp-idf-v5.0.2\BAJA\FoxBaja-Eletronica-FX4.0\ECU-Sensor1\components\espressif__led_strip
      type: local
    version: 2.3.2
  idf:
    component_hash: null
    source:
      type: idf
    version: 5.0.2
manifest_hash: e65f8c0893b25edd0496dd123df9c081344e248c2e827dfbc09ad833fafa49e7
target: esp32
version: 1.0.0
